
Microsoft Visual Studio Solution File, Format Version 11.00
# Visual Studio 2010
# SharpDevelop 5.1
Project("{FAE04EC0-301F-11D3-BF4B-00C04F79EFBC}") = "MAB WORKER MANAGEMENT SYSTEM", "MAB WORKER MANAGEMENT SYSTEM\MAB WORKER MANAGEMENT SYSTEM.csproj", "{2BB1C1D8-2421-4674-856C-0A048FDB6EFB}"
EndProject
Global
	GlobalSection(SolutionConfigurationPlatforms) = preSolution
		Debug|Any CPU = Debug|Any CPU
		Release|Any CPU = Release|Any CPU
	EndGlobalSection
	GlobalSection(ProjectConfigurationPlatforms) = postSolution
		{2BB1C1D8-2421-4674-856C-0A048FDB6EFB}.Debug|Any CPU.ActiveCfg = Debug|Any CPU
		{2BB1C1D8-2421-4674-856C-0A048FDB6EFB}.Debug|Any CPU.Build.0 = Debug|Any CPU
		{2BB1C1D8-2421-4674-856C-0A048FDB6EFB}.Release|Any CPU.ActiveCfg = Release|Any CPU
		{2BB1C1D8-2421-4674-856C-0A048FDB6EFB}.Release|Any CPU.Build.0 = Release|Any CPU
	EndGlobalSection
EndGlobal
